
Microsoft Visual Studio Solution File, Format Version 12.00
# Visual Studio Version 17
VisualStudioVersion = 17.0.31903.59
MinimumVisualStudioVersion = 10.0.40219.1
Project("{FAE04EC0-301F-11D3-BF4B-00C04F79EFBC}") = "API", "API\API.csproj", "{40E64241-213F-4856-B75E-AC5FD5B5BB89}"
EndProject
Project("{FAE04EC0-301F-11D3-BF4B-00C04F79EFBC}") = "Core", "Core\Core.csproj", "{DD6046BF-EF83-4AD0-9526-89B72E2D6885}"
EndProject
Global
	GlobalSection(SolutionConfigurationPlatforms) = preSolution
		Debug|Any CPU = Debug|Any CPU
		Release|Any CPU = Release|Any CPU
	EndGlobalSection
	GlobalSection(SolutionProperties) = preSolution
		HideSolutionNode = FALSE
	EndGlobalSection
	GlobalSection(ProjectConfigurationPlatforms) = postSolution
		{40E64241-213F-4856-B75E-AC5FD5B5BB89}.Debug|Any CPU.ActiveCfg = Debug|Any CPU
		{40E64241-213F-4856-B75E-AC5FD5B5BB89}.Debug|Any CPU.Build.0 = Debug|Any CPU
		{40E64241-213F-4856-B75E-AC5FD5B5BB89}.Release|Any CPU.ActiveCfg = Release|Any CPU
		{40E64241-213F-4856-B75E-AC5FD5B5BB89}.Release|Any CPU.Build.0 = Release|Any CPU
		{DD6046BF-EF83-4AD0-9526-89B72E2D6885}.Debug|Any CPU.ActiveCfg = Debug|Any CPU
		{DD6046BF-EF83-4AD0-9526-89B72E2D6885}.Debug|Any CPU.Build.0 = Debug|Any CPU
		{DD6046BF-EF83-4AD0-9526-89B72E2D6885}.Release|Any CPU.ActiveCfg = Release|Any CPU
		{DD6046BF-EF83-4AD0-9526-89B72E2D6885}.Release|Any CPU.Build.0 = Release|Any CPU
	EndGlobalSection
EndGlobal
